
Microsoft Visual Studio Solution File, Format Version 12.00
# Visual Studio Version 16
VisualStudioVersion = 16.0.30406.217
MinimumVisualStudioVersion = 10.0.40219.1
Project("{FAE04EC0-301F-11D3-BF4B-00C04F79EFBC}") = "WebDataAnnotationsValidate", "WebDataAnnotationsValidate\WebDataAnnotationsValidate.csproj", "{A96659C0-ED15-44AB-9EA7-E696F849AA40}"
EndProject
Global
	GlobalSection(SolutionConfigurationPlatforms) = preSolution
		Debug|Any CPU = Debug|Any CPU
		Release|Any CPU = Release|Any CPU
	EndGlobalSection
	GlobalSection(ProjectConfigurationPlatforms) = postSolution
		{A96659C0-ED15-44AB-9EA7-E696F849AA40}.Debug|Any CPU.ActiveCfg = Debug|Any CPU
		{A96659C0-ED15-44AB-9EA7-E696F849AA40}.Debug|Any CPU.Build.0 = Debug|Any CPU
		{A96659C0-ED15-44AB-9EA7-E696F849AA40}.Release|Any CPU.ActiveCfg = Release|Any CPU
		{A96659C0-ED15-44AB-9EA7-E696F849AA40}.Release|Any CPU.Build.0 = Release|Any CPU
	EndGlobalSection
	GlobalSection(SolutionProperties) = preSolution
		HideSolutionNode = FALSE
	EndGlobalSection
	GlobalSection(ExtensibilityGlobals) = postSolution
		SolutionGuid = {A13A3B29-546F-435D-8383-01C644DFE076}
	EndGlobalSection
EndGlobal
